{
    "_readme": [
        "This file locks the dependencies of your project to a known state",
        "Read more about it at https://getcomposer.org/doc/01-basic-usage.md#composer-lock-the-lock-file",
        "This file is @generated automatically"
    ],
    "hash": "5e8a736d1348d14c0e9ec5fef1216462",
    "content-hash": "757c72701613a6c6e1be61239505c4be",
    "packages": [
        {
            "name": "php-yaoi/php-yaoi",
            "version": "dev-master",
            "source": {
                "type": "git",
                "url": "https://github.com/php-yaoi/php-yaoi.git",
                "reference": "ac0584f298ae13493f7b8671b911da3d5821532d"
            },
            "dist": {
                "type": "zip",
                "url": "https://api.github.com/repos/php-yaoi/php-yaoi/zipball/ac0584f298ae13493f7b8671b911da3d5821532d",
                "reference": "ac0584f298ae13493f7b8671b911da3d5821532d",
                "shasum": ""
            },
            "require": {
                "php": ">=5.3.0"
            },
            "require-dev": {
                "codeclimate/php-test-reporter": "dev-master",
                "phpunit/phpunit": "~4.0",
                "psr/log": "~1.0"
            },
            "type": "library",
            "extra": {
                "branch-alias": {
                    "dev-master": "1.0-dev"
                }
            },
            "autoload": {
                "psr-4": {
                    "Yaoi\\": "src/"
                }
            },
            "notification-url": "https://packagist.org/downloads/",
            "license": [
                "MIT"
            ],
            "authors": [
                {
                    "name": "Viacheslav Poturaev",
                    "email": "vearutop@gmail.com",
                    "homepage": "https://github.com/vearutop"
                }
            ],
            "description": "Yaoi is yet another object interleaver",
            "homepage": "https://github.com/php-yaoi/php-yaoi",
            "keywords": [
                "framework"
            ],
            "time": "2015-12-02 16:44:18"
        },
        {
            "name": "vearutop/archive-tar",
            "version": "dev-master",
            "source": {
                "type": "git",
                "url": "https://github.com/vearutop/archive-tar.git",
                "reference": "ec94d2adc3616720c6912732fadbc0c513772fc5"
            },
            "require": {
                "php": ">=5.3.0"
            },
            "require-dev": {
                "phpunit/phpunit": "^4.0"
            },
            "type": "library",
            "autoload": {
                "psr-4": {
                    "Mishak\\ArchiveTar\\": ""
                }
            },
            "license": [
                "BSD-3-Clause",
                "GPL-2.0",
                "GPL-3.0"
            ],
            "authors": [
                {
                    "name": "Michal Gebauer",
                    "email": "mishak@mishak.net",
                    "homepage": "https://mishak.net",
                    "role": "developer"
                },
                {
                    "name": "Viacheslav Poturaev",
                    "email": "vearutop@gmail.com",
                    "homepage": "https://github.com/vearutop",
                    "role": "developer"
                }
            ],
            "description": "Archive TAR reader for PHP - supports gz, bz2 and files over 2 GB",
            "keywords": [
                "archive",
                "reader",
                "tar"
            ],
            "time": "2015-11-30 17:46:09"
        }
    ],
    "packages-dev": [],
    "aliases": [],
    "minimum-stability": "dev",
    "stability-flags": {
        "php-yaoi/php-yaoi": 20,
        "vearutop/archive-tar": 20
    },
    "prefer-stable": true,
    "prefer-lowest": false,
    "platform": [],
    "platform-dev": []
}
